
Microsoft Visual Studio Solution File, Format Version 12.00
# Visual Studio Version 17
VisualStudioVersion = 17.0.31903.59
MinimumVisualStudioVersion = 10.0.40219.1
Project("{FAE04EC0-301F-11D3-BF4B-00C04F79EFBC}") = "ex001", "ex001\ex001.csproj", "{6CA58594-5D27-43FD-BA8D-9B12E69801D3}"
EndProject
Project("{FAE04EC0-301F-11D3-BF4B-00C04F79EFBC}") = "ex002", "ex002\ex002.csproj", "{BB16B0B6-3021-4353-B5AE-AABAB880A897}"
EndProject
Project("{FAE04EC0-301F-11D3-BF4B-00C04F79EFBC}") = "ex003", "ex003\ex003.csproj", "{8D73FA69-1F4C-43E7-AB48-71494ADC2475}"
EndProject
Project("{FAE04EC0-301F-11D3-BF4B-00C04F79EFBC}") = "ex004", "ex004\ex004.csproj", "{069F615F-4FD4-4226-925F-30B6D706A801}"
EndProject
Project("{FAE04EC0-301F-11D3-BF4B-00C04F79EFBC}") = "ex005", "ex005\ex005.csproj", "{26F438B8-48BA-4E24-8EF7-F1FD4CF02109}"
EndProject
Project("{FAE04EC0-301F-11D3-BF4B-00C04F79EFBC}") = "Csharp", "ex006A\Csharp.csproj", "{8E807A68-A935-4538-B986-CDE54CCFB0C6}"
EndProject
Project("{FAE04EC0-301F-11D3-BF4B-00C04F79EFBC}") = "ex002", "ex006B\ex002.csproj", "{AADC7751-B186-4942-BD52-BE1EA84DE33A}"
EndProject
Global
	GlobalSection(SolutionConfigurationPlatforms) = preSolution
		Debug|Any CPU = Debug|Any CPU
		Release|Any CPU = Release|Any CPU
	EndGlobalSection
	GlobalSection(SolutionProperties) = preSolution
		HideSolutionNode = FALSE
	EndGlobalSection
	GlobalSection(ProjectConfigurationPlatforms) = postSolution
		{9A5684C4-6244-43C2-BC8B-777AAAFE0C5F}.Debug|Any CPU.ActiveCfg = Debug|Any CPU
		{9A5684C4-6244-43C2-BC8B-777AAAFE0C5F}.Debug|Any CPU.Build.0 = Debug|Any CPU
		{9A5684C4-6244-43C2-BC8B-777AAAFE0C5F}.Release|Any CPU.ActiveCfg = Release|Any CPU
		{9A5684C4-6244-43C2-BC8B-777AAAFE0C5F}.Release|Any CPU.Build.0 = Release|Any CPU
		{6CA58594-5D27-43FD-BA8D-9B12E69801D3}.Debug|Any CPU.ActiveCfg = Debug|Any CPU
		{6CA58594-5D27-43FD-BA8D-9B12E69801D3}.Debug|Any CPU.Build.0 = Debug|Any CPU
		{6CA58594-5D27-43FD-BA8D-9B12E69801D3}.Release|Any CPU.ActiveCfg = Release|Any CPU
		{6CA58594-5D27-43FD-BA8D-9B12E69801D3}.Release|Any CPU.Build.0 = Release|Any CPU
		{BB16B0B6-3021-4353-B5AE-AABAB880A897}.Debug|Any CPU.ActiveCfg = Debug|Any CPU
		{BB16B0B6-3021-4353-B5AE-AABAB880A897}.Debug|Any CPU.Build.0 = Debug|Any CPU
		{BB16B0B6-3021-4353-B5AE-AABAB880A897}.Release|Any CPU.ActiveCfg = Release|Any CPU
		{BB16B0B6-3021-4353-B5AE-AABAB880A897}.Release|Any CPU.Build.0 = Release|Any CPU
		{8D73FA69-1F4C-43E7-AB48-71494ADC2475}.Debug|Any CPU.ActiveCfg = Debug|Any CPU
		{8D73FA69-1F4C-43E7-AB48-71494ADC2475}.Debug|Any CPU.Build.0 = Debug|Any CPU
		{8D73FA69-1F4C-43E7-AB48-71494ADC2475}.Release|Any CPU.ActiveCfg = Release|Any CPU
		{8D73FA69-1F4C-43E7-AB48-71494ADC2475}.Release|Any CPU.Build.0 = Release|Any CPU
		{069F615F-4FD4-4226-925F-30B6D706A801}.Debug|Any CPU.ActiveCfg = Debug|Any CPU
		{069F615F-4FD4-4226-925F-30B6D706A801}.Debug|Any CPU.Build.0 = Debug|Any CPU
		{069F615F-4FD4-4226-925F-30B6D706A801}.Release|Any CPU.ActiveCfg = Release|Any CPU
		{069F615F-4FD4-4226-925F-30B6D706A801}.Release|Any CPU.Build.0 = Release|Any CPU
		{26F438B8-48BA-4E24-8EF7-F1FD4CF02109}.Debug|Any CPU.ActiveCfg = Debug|Any CPU
		{26F438B8-48BA-4E24-8EF7-F1FD4CF02109}.Debug|Any CPU.Build.0 = Debug|Any CPU
		{26F438B8-48BA-4E24-8EF7-F1FD4CF02109}.Release|Any CPU.ActiveCfg = Release|Any CPU
		{26F438B8-48BA-4E24-8EF7-F1FD4CF02109}.Release|Any CPU.Build.0 = Release|Any CPU
		{8E807A68-A935-4538-B986-CDE54CCFB0C6}.Debug|Any CPU.ActiveCfg = Debug|Any CPU
		{8E807A68-A935-4538-B986-CDE54CCFB0C6}.Debug|Any CPU.Build.0 = Debug|Any CPU
		{8E807A68-A935-4538-B986-CDE54CCFB0C6}.Release|Any CPU.ActiveCfg = Release|Any CPU
		{8E807A68-A935-4538-B986-CDE54CCFB0C6}.Release|Any CPU.Build.0 = Release|Any CPU
		{AADC7751-B186-4942-BD52-BE1EA84DE33A}.Debug|Any CPU.ActiveCfg = Debug|Any CPU
		{AADC7751-B186-4942-BD52-BE1EA84DE33A}.Debug|Any CPU.Build.0 = Debug|Any CPU
		{AADC7751-B186-4942-BD52-BE1EA84DE33A}.Release|Any CPU.ActiveCfg = Release|Any CPU
		{AADC7751-B186-4942-BD52-BE1EA84DE33A}.Release|Any CPU.Build.0 = Release|Any CPU
	EndGlobalSection
EndGlobal
